
Microsoft Visual Studio Solution File, Format Version 12.00
# Visual Studio Version 17
VisualStudioVersion = 17.11.35208.52
MinimumVisualStudioVersion = 10.0.40219.1
Project("{9A19103F-16F7-4668-BE54-9A1E7A4F7556}") = "FirstAppNetProject", "FirstAspNetProject\FirstAppNetProject.csproj", "{3F6C9177-D967-4CB6-BD1B-B53983DD22B3}"
EndProject
Global
	GlobalSection(SolutionConfigurationPlatforms) = preSolution
		Debug|Any CPU = Debug|Any CPU
		Release|Any CPU = Release|Any CPU
	EndGlobalSection
	GlobalSection(ProjectConfigurationPlatforms) = postSolution
		{3F6C9177-D967-4CB6-BD1B-B53983DD22B3}.Debug|Any CPU.ActiveCfg = Debug|Any CPU
		{3F6C9177-D967-4CB6-BD1B-B53983DD22B3}.Debug|Any CPU.Build.0 = Debug|Any CPU
		{3F6C9177-D967-4CB6-BD1B-B53983DD22B3}.Release|Any CPU.ActiveCfg = Release|Any CPU
		{3F6C9177-D967-4CB6-BD1B-B53983DD22B3}.Release|Any CPU.Build.0 = Release|Any CPU
	EndGlobalSection
	GlobalSection(SolutionProperties) = preSolution
		HideSolutionNode = FALSE
	EndGlobalSection
	GlobalSection(ExtensibilityGlobals) = postSolution
		SolutionGuid = {97AD16CA-A1BB-437D-8EA5-F2EF1E9ED1E8}
	EndGlobalSection
EndGlobal
